// !$*UTF8*$!
{
	archiveVersion = 1;
	classes = {
	};
	objectVersion = 50;
	objects = {

/* Begin PBXBuildFile section */
		038FD60BABA186992C0BC91E /* Pods_MovieAppUITests.framework in Frameworks */ = {isa = PBXBuildFile; fileRef = 619C74A7E8ABD7E760811EE8 /* Pods_MovieAppUITests.framework */; };
		1F40A800576600EA150BBBA1 /* Pods_MovieAppTests.framework in Frameworks */ = {isa = PBXBuildFile; fileRef = 7A5CE69D7F7A0F3DB83196FB /* Pods_MovieAppTests.framework */; };
		9D0CB171CCB1B73C67331D0C /* Pods_MovieApp.framework in Frameworks */ = {isa = PBXBuildFile; fileRef = 0C6498B677602EC44F757C76 /* Pods_MovieApp.framework */; };
		F22813F52289902200FCB9BC /* AppDelegate.swift in Sources */ = {isa = PBXBuildFile; fileRef = F22813F42289902200FCB9BC /* AppDelegate.swift */; };
		F22813F72289902200FCB9BC /* ViewController.swift in Sources */ = {isa = PBXBuildFile; fileRef = F22813F62289902200FCB9BC /* ViewController.swift */; };
		F22813FA2289902200FCB9BC /* Main.storyboard in Resources */ = {isa = PBXBuildFile; fileRef = F22813F82289902200FCB9BC /* Main.storyboard */; };
		F22813FC2289902300FCB9BC /* Assets.xcassets in Resources */ = {isa = PBXBuildFile; fileRef = F22813FB2289902300FCB9BC /* Assets.xcassets */; };
		F22813FF2289902300FCB9BC /* LaunchScreen.storyboard in Resources */ = {isa = PBXBuildFile; fileRef = F22813FD2289902300FCB9BC /* LaunchScreen.storyboard */; };
		F228140A2289902300FCB9BC /* MovieAppTests.swift in Sources */ = {isa = PBXBuildFile; fileRef = F22814092289902300FCB9BC /* MovieAppTests.swift */; };
		F22814152289902300FCB9BC /* MovieAppUITests.swift in Sources */ = {isa = PBXBuildFile; fileRef = F22814142289902300FCB9BC /* MovieAppUITests.swift */; };
		F252B5C9228ADFB000FB9815 /* TextField.swift in Sources */ = {isa = PBXBuildFile; fileRef = F252B5BE228ADFB000FB9815 /* TextField.swift */; };
		F252B5CC228ADFB000FB9815 /* PTColors.swift in Sources */ = {isa = PBXBuildFile; fileRef = F252B5C1228ADFB000FB9815 /* PTColors.swift */; };
		F252B5EA228AF7B400FB9815 /* TextFieldExtention.swift in Sources */ = {isa = PBXBuildFile; fileRef = F252B5E9228AF7B400FB9815 /* TextFieldExtention.swift */; };
		F252B5EC228B006400FB9815 /* BaseVC.swift in Sources */ = {isa = PBXBuildFile; fileRef = F252B5EB228B006400FB9815 /* BaseVC.swift */; };
/* End PBXBuildFile section */

/* Begin PBXContainerItemProxy section */
		F22814062289902300FCB9BC /* PBXContainerItemProxy */ = {
			isa = PBXContainerItemProxy;
			containerPortal = F22813E92289902200FCB9BC /* Project object */;
			proxyType = 1;
			remoteGlobalIDString = F22813F02289902200FCB9BC;
			remoteInfo = MovieApp;
		};
		F22814112289902300FCB9BC /* PBXContainerItemProxy */ = {
			isa = PBXContainerItemProxy;
			containerPortal = F22813E92289902200FCB9BC /* Project object */;
			proxyType = 1;
			remoteGlobalIDString = F22813F02289902200FCB9BC;
			remoteInfo = MovieApp;
		};
/* End PBXContainerItemProxy section */

/* Begin PBXFileReference section */
		025E72E46EEDE044D7C0C68B /* Pods-MovieAppUITests.debug.xcconfig */ = {isa = PBXFileReference; includeInIndex = 1; lastKnownFileType = text.xcconfig; name = "Pods-MovieAppUITests.debug.xcconfig"; path = "Pods/Target Support Files/Pods-MovieAppUITests/Pods-MovieAppUITests.debug.xcconfig"; sourceTree = "<group>"; };
		0C6498B677602EC44F757C76 /* Pods_MovieApp.framework */ = {isa = PBXFileReference; explicitFileType = wrapper.framework; includeInIndex = 0; path = Pods_MovieApp.framework; sourceTree = BUILT_PRODUCTS_DIR; };
		3B5CEA8F33ED32F4BD0E9CC4 /* Pods-MovieApp.release.xcconfig */ = {isa = PBXFileReference; includeInIndex = 1; lastKnownFileType = text.xcconfig; name = "Pods-MovieApp.release.xcconfig"; path = "Pods/Target Support Files/Pods-MovieApp/Pods-MovieApp.release.xcconfig"; sourceTree = "<group>"; };
		41A6F510F12B9D58E451E24E /* Pods-MovieAppTests.release.xcconfig */ = {isa = PBXFileReference; includeInIndex = 1; lastKnownFileType = text.xcconfig; name = "Pods-MovieAppTests.release.xcconfig"; path = "Pods/Target Support Files/Pods-MovieAppTests/Pods-MovieAppTests.release.xcconfig"; sourceTree = "<group>"; };
		619C74A7E8ABD7E760811EE8 /* Pods_MovieAppUITests.framework */ = {isa = PBXFileReference; explicitFileType = wrapper.framework; includeInIndex = 0; path = Pods_MovieAppUITests.framework; sourceTree = BUILT_PRODUCTS_DIR; };
		7A5CE69D7F7A0F3DB83196FB /* Pods_MovieAppTests.framework */ = {isa = PBXFileReference; explicitFileType = wrapper.framework; includeInIndex = 0; path = Pods_MovieAppTests.framework; sourceTree = BUILT_PRODUCTS_DIR; };
		8F53AB4FA5B1CEA39C8BF9E4 /* Pods-MovieAppTests.debug.xcconfig */ = {isa = PBXFileReference; includeInIndex = 1; lastKnownFileType = text.xcconfig; name = "Pods-MovieAppTests.debug.xcconfig"; path = "Pods/Target Support Files/Pods-MovieAppTests/Pods-MovieAppTests.debug.xcconfig"; sourceTree = "<group>"; };
		A456949DE0E1FC25A0B85739 /* Pods-MovieAppUITests.release.xcconfig */ = {isa = PBXFileReference; includeInIndex = 1; lastKnownFileType = text.xcconfig; name = "Pods-MovieAppUITests.release.xcconfig"; path = "Pods/Target Support Files/Pods-MovieAppUITests/Pods-MovieAppUITests.release.xcconfig"; sourceTree = "<group>"; };
		C5FA54E06819A203895284E0 /* Pods-MovieApp.debug.xcconfig */ = {isa = PBXFileReference; includeInIndex = 1; lastKnownFileType = text.xcconfig; name = "Pods-MovieApp.debug.xcconfig"; path = "Pods/Target Support Files/Pods-MovieApp/Pods-MovieApp.debug.xcconfig"; sourceTree = "<group>"; };
		F22813F12289902200FCB9BC /* MovieApp.app */ = {isa = PBXFileReference; explicitFileType = wrapper.application; includeInIndex = 0; path = MovieApp.app; sourceTree = BUILT_PRODUCTS_DIR; };
		F22813F42289902200FCB9BC /* AppDelegate.swift */ = {isa = PBXFileReference; lastKnownFileType = sourcecode.swift; path = AppDelegate.swift; sourceTree = "<group>"; };
		F22813F62289902200FCB9BC /* ViewController.swift */ = {isa = PBXFileReference; lastKnownFileType = sourcecode.swift; path = ViewController.swift; sourceTree = "<group>"; };
		F22813F92289902200FCB9BC /* Base */ = {isa = PBXFileReference; lastKnownFileType = file.storyboard; name = Base; path = Base.lproj/Main.storyboard; sourceTree = "<group>"; };
		F22813FB2289902300FCB9BC /* Assets.xcassets */ = {isa = PBXFileReference; lastKnownFileType = folder.assetcatalog; path = Assets.xcassets; sourceTree = "<group>"; };
		F22813FE2289902300FCB9BC /* Base */ = {isa = PBXFileReference; lastKnownFileType = file.storyboard; name = Base; path = Base.lproj/LaunchScreen.storyboard; sourceTree = "<group>"; };
		F22814002289902300FCB9BC /* Info.plist */ = {isa = PBXFileReference; lastKnownFileType = text.plist.xml; path = Info.plist; sourceTree = "<group>"; };
		F22814052289902300FCB9BC /* MovieAppTests.xctest */ = {isa = PBXFileReference; explicitFileType = wrapper.cfbundle; includeInIndex = 0; path = MovieAppTests.xctest; sourceTree = BUILT_PRODUCTS_DIR; };
		F22814092289902300FCB9BC /* MovieAppTests.swift */ = {isa = PBXFileReference; lastKnownFileType = sourcecode.swift; path = MovieAppTests.swift; sourceTree = "<group>"; };
		F228140B2289902300FCB9BC /* Info.plist */ = {isa = PBXFileReference; lastKnownFileType = text.plist.xml; path = Info.plist; sourceTree = "<group>"; };
		F22814102289902300FCB9BC /* MovieAppUITests.xctest */ = {isa = PBXFileReference; explicitFileType = wrapper.cfbundle; includeInIndex = 0; path = MovieAppUITests.xctest; sourceTree = BUILT_PRODUCTS_DIR; };
		F22814142289902300FCB9BC /* MovieAppUITests.swift */ = {isa = PBXFileReference; lastKnownFileType = sourcecode.swift; path = MovieAppUITests.swift; sourceTree = "<group>"; };
		F22814162289902300FCB9BC /* Info.plist */ = {isa = PBXFileReference; lastKnownFileType = text.plist.xml; path = Info.plist; sourceTree = "<group>"; };
		F252B5BE228ADFB000FB9815 /* TextField.swift */ = {isa = PBXFileReference; fileEncoding = 4; lastKnownFileType = sourcecode.swift; path = TextField.swift; sourceTree = "<group>"; };
		F252B5C1228ADFB000FB9815 /* PTColors.swift */ = {isa = PBXFileReference; fileEncoding = 4; lastKnownFileType = sourcecode.swift; path = PTColors.swift; sourceTree = "<group>"; };
		F252B5E9228AF7B400FB9815 /* TextFieldExtention.swift */ = {isa = PBXFileReference; lastKnownFileType = sourcecode.swift; path = TextFieldExtention.swift; sourceTree = "<group>"; };
		F252B5EB228B006400FB9815 /* BaseVC.swift */ = {isa = PBXFileReference; lastKnownFileType = sourcecode.swift; path = BaseVC.swift; sourceTree = "<group>"; };
/* End PBXFileReference section */

/* Begin PBXFrameworksBuildPhase section */
		F22813EE2289902200FCB9BC /* Frameworks */ = {
			isa = PBXFrameworksBuildPhase;
			buildActionMask = 2147483647;
			files = (
				9D0CB171CCB1B73C67331D0C /* Pods_MovieApp.framework in Frameworks */,
			);
			runOnlyForDeploymentPostprocessing = 0;
		};
		F22814022289902300FCB9BC /* Frameworks */ = {
			isa = PBXFrameworksBuildPhase;
			buildActionMask = 2147483647;
			files = (
				1F40A800576600EA150BBBA1 /* Pods_MovieAppTests.framework in Frameworks */,
			);
			runOnlyForDeploymentPostprocessing = 0;
		};
		F228140D2289902300FCB9BC /* Frameworks */ = {
			isa = PBXFrameworksBuildPhase;
			buildActionMask = 2147483647;
			files = (
				038FD60BABA186992C0BC91E /* Pods_MovieAppUITests.framework in Frameworks */,
			);
			runOnlyForDeploymentPostprocessing = 0;
		};
/* End PBXFrameworksBuildPhase section */

/* Begin PBXGroup section */
		4048C6789502FCC1344C472C /* Frameworks */ = {
			isa = PBXGroup;
			children = (
				0C6498B677602EC44F757C76 /* Pods_MovieApp.framework */,
				7A5CE69D7F7A0F3DB83196FB /* Pods_MovieAppTests.framework */,
				619C74A7E8ABD7E760811EE8 /* Pods_MovieAppUITests.framework */,
			);
			name = Frameworks;
			sourceTree = "<group>";
		};
		92B2F27C95103B2DAABD5478 /* Pods */ = {
			isa = PBXGroup;
			children = (
				C5FA54E06819A203895284E0 /* Pods-MovieApp.debug.xcconfig */,
				3B5CEA8F33ED32F4BD0E9CC4 /* Pods-MovieApp.release.xcconfig */,
				8F53AB4FA5B1CEA39C8BF9E4 /* Pods-MovieAppTests.debug.xcconfig */,
				41A6F510F12B9D58E451E24E /* Pods-MovieAppTests.release.xcconfig */,
				025E72E46EEDE044D7C0C68B /* Pods-MovieAppUITests.debug.xcconfig */,
				A456949DE0E1FC25A0B85739 /* Pods-MovieAppUITests.release.xcconfig */,
			);
			name = Pods;
			sourceTree = "<group>";
		};
		F22813E82289902200FCB9BC = {
			isa = PBXGroup;
			children = (
				F22813F32289902200FCB9BC /* MovieApp */,
				F22814082289902300FCB9BC /* MovieAppTests */,
				F22814132289902300FCB9BC /* MovieAppUITests */,
				F22813F22289902200FCB9BC /* Products */,
				92B2F27C95103B2DAABD5478 /* Pods */,
				4048C6789502FCC1344C472C /* Frameworks */,
			);
			sourceTree = "<group>";
		};
		F22813F22289902200FCB9BC /* Products */ = {
			isa = PBXGroup;
			children = (
				F22813F12289902200FCB9BC /* MovieApp.app */,
				F22814052289902300FCB9BC /* MovieAppTests.xctest */,
				F22814102289902300FCB9BC /* MovieAppUITests.xctest */,
			);
			name = Products;
			sourceTree = "<group>";
		};
		F22813F32289902200FCB9BC /* MovieApp */ = {
			isa = PBXGroup;
			children = (
				F252B581228ADE0700FB9815 /* Helpers */,
				F252B580228ADDE900FB9815 /* Controllers */,
				F252B57F228ADDE300FB9815 /* View */,
				F252B57E228ADDD700FB9815 /* Modal */,
				F22813F42289902200FCB9BC /* AppDelegate.swift */,
				F22813FB2289902300FCB9BC /* Assets.xcassets */,
				F22814002289902300FCB9BC /* Info.plist */,
			);
			path = MovieApp;
			sourceTree = "<group>";
		};
		F22814082289902300FCB9BC /* MovieAppTests */ = {
			isa = PBXGroup;
			children = (
				F22814092289902300FCB9BC /* MovieAppTests.swift */,
				F228140B2289902300FCB9BC /* Info.plist */,
			);
			path = MovieAppTests;
			sourceTree = "<group>";
		};
		F22814132289902300FCB9BC /* MovieAppUITests */ = {
			isa = PBXGroup;
			children = (
				F22814142289902300FCB9BC /* MovieAppUITests.swift */,
				F22814162289902300FCB9BC /* Info.plist */,
			);
			path = MovieAppUITests;
			sourceTree = "<group>";
		};
		F252B57E228ADDD700FB9815 /* Modal */ = {
			isa = PBXGroup;
			children = (
			);
			path = Modal;
			sourceTree = "<group>";
		};
		F252B57F228ADDE300FB9815 /* View */ = {
			isa = PBXGroup;
			children = (
				F22813F82289902200FCB9BC /* Main.storyboard */,
				F22813FD2289902300FCB9BC /* LaunchScreen.storyboard */,
			);
			path = View;
			sourceTree = "<group>";
		};
		F252B580228ADDE900FB9815 /* Controllers */ = {
			isa = PBXGroup;
			children = (
				F22813F62289902200FCB9BC /* ViewController.swift */,
				F252B5EB228B006400FB9815 /* BaseVC.swift */,
			);
			path = Controllers;
			sourceTree = "<group>";
		};
		F252B581228ADE0700FB9815 /* Helpers */ = {
			isa = PBXGroup;
			children = (
				F252B5C1228ADFB000FB9815 /* PTColors.swift */,
				F252B5BE228ADFB000FB9815 /* TextField.swift */,
				F252B5E9228AF7B400FB9815 /* TextFieldExtention.swift */,
			);
			path = Helpers;
			sourceTree = "<group>";
		};
/* End PBXGroup section */

/* Begin PBXNativeTarget section */
		F22813F02289902200FCB9BC /* MovieApp */ = {
			isa = PBXNativeTarget;
			buildConfigurationList = F22814192289902300FCB9BC /* Build configuration list for PBXNativeTarget "MovieApp" */;
			buildPhases = (
				3F1580518C891410555646E3 /* [CP] Check Pods Manifest.lock */,
				F22813ED2289902200FCB9BC /* Sources */,
				F22813EE2289902200FCB9BC /* Frameworks */,
				F22813EF2289902200FCB9BC /* Resources */,
				4554908ADB98A7D6964414B7 /* [CP] Embed Pods Frameworks */,
			);
			buildRules = (
			);
			dependencies = (
			);
			name = MovieApp;
			productName = MovieApp;
			productReference = F22813F12289902200FCB9BC /* MovieApp.app */;
			productType = "com.apple.product-type.application";
		};
		F22814042289902300FCB9BC /* MovieAppTests */ = {
			isa = PBXNativeTarget;
			buildConfigurationList = F228141C2289902300FCB9BC /* Build configuration list for PBXNativeTarget "MovieAppTests" */;
			buildPhases = (
				A7B8881EEDFDC86808F32D64 /* [CP] Check Pods Manifest.lock */,
				F22814012289902300FCB9BC /* Sources */,
				F22814022289902300FCB9BC /* Frameworks */,
				F22814032289902300FCB9BC /* Resources */,
			);
			buildRules = (
			);
			dependencies = (
				F22814072289902300FCB9BC /* PBXTargetDependency */,
			);
			name = MovieAppTests;
			productName = MovieAppTests;
			productReference = F22814052289902300FCB9BC /* MovieAppTests.xctest */;
			productType = "com.apple.product-type.bundle.unit-test";
		};
		F228140F2289902300FCB9BC /* MovieAppUITests */ = {
			isa = PBXNativeTarget;
			buildConfigurationList = F228141F2289902300FCB9BC /* Build configuration list for PBXNativeTarget "MovieAppUITests" */;
			buildPhases = (
				D3C96C173C64D5C1D6157E15 /* [CP] Check Pods Manifest.lock */,
				F228140C2289902300FCB9BC /* Sources */,
				F228140D2289902300FCB9BC /* Frameworks */,
				F228140E2289902300FCB9BC /* Resources */,
			);
			buildRules = (
			);
			dependencies = (
				F22814122289902300FCB9BC /* PBXTargetDependency */,
			);
			name = MovieAppUITests;
			productName = MovieAppUITests;
			productReference = F22814102289902300FCB9BC /* MovieAppUITests.xctest */;
			productType = "com.apple.product-type.bundle.ui-testing";
		};
/* End PBXNativeTarget section */

/* Begin PBXProject section */
		F22813E92289902200FCB9BC /* Project object */ = {
			isa = PBXProject;
			attributes = {
				LastSwiftUpdateCheck = 1010;
				LastUpgradeCheck = 1010;
				TargetAttributes = {
					F22813F02289902200FCB9BC = {
						CreatedOnToolsVersion = 10.1;
					};
					F22814042289902300FCB9BC = {
						CreatedOnToolsVersion = 10.1;
						TestTargetID = F22813F02289902200FCB9BC;
					};
					F228140F2289902300FCB9BC = {
						CreatedOnToolsVersion = 10.1;
						TestTargetID = F22813F02289902200FCB9BC;
					};
				};
			};
			buildConfigurationList = F22813EC2289902200FCB9BC /* Build configuration list for PBXProject "MovieApp" */;
			compatibilityVersion = "Xcode 9.3";
			developmentRegion = en;
			hasScannedForEncodings = 0;
			knownRegions = (
				en,
				Base,
			);
			mainGroup = F22813E82289902200FCB9BC;
			productRefGroup = F22813F22289902200FCB9BC /* Products */;
			projectDirPath = "";
			projectRoot = "";
			targets = (
				F22813F02289902200FCB9BC /* MovieApp */,
				F22814042289902300FCB9BC /* MovieAppTests */,
				F228140F2289902300FCB9BC /* MovieAppUITests */,
			);
		};
/* End PBXProject section */

/* Begin PBXResourcesBuildPhase section */
		F22813EF2289902200FCB9BC /* Resources */ = {
			isa = PBXResourcesBuildPhase;
			buildActionMask = 2147483647;
			files = (
				F22813FF2289902300FCB9BC /* LaunchScreen.storyboard in Resources */,
				F22813FC2289902300FCB9BC /* Assets.xcassets in Resources */,
				F22813FA2289902200FCB9BC /* Main.storyboard in Resources */,
			);
			runOnlyForDeploymentPostprocessing = 0;
		};
		F22814032289902300FCB9BC /* Resources */ = {
			isa = PBXResourcesBuildPhase;
			buildActionMask = 2147483647;
			files = (
			);
			runOnlyForDeploymentPostprocessing = 0;
		};
		F228140E2289902300FCB9BC /* Resources */ = {
			isa = PBXResourcesBuildPhase;
			buildActionMask = 2147483647;
			files = (
			);
			runOnlyForDeploymentPostprocessing = 0;
		};
/* End PBXResourcesBuildPhase section */

/* Begin PBXShellScriptBuildPhase section */
		3F1580518C891410555646E3 /* [CP] Check Pods Manifest.lock */ = {
			isa = PBXShellScriptBuildPhase;
			buildActionMask = 2147483647;
			files = (
			);
			inputFileListPaths = (
			);
			inputPaths = (
				"${PODS_PODFILE_DIR_PATH}/Podfile.lock",
				"${PODS_ROOT}/Manifest.lock",
			);
			name = "[CP] Check Pods Manifest.lock";
			outputFileListPaths = (
			);
			outputPaths = (
				"$(DERIVED_FILE_DIR)/Pods-MovieApp-checkManifestLockResult.txt",
			);
			runOnlyForDeploymentPostprocessing = 0;
			shellPath = /bin/sh;
			shellScript = "diff \"${PODS_PODFILE_DIR_PATH}/Podfile.lock\" \"${PODS_ROOT}/Manifest.lock\" > /dev/null\nif [ $? != 0 ] ; then\n    # print error to STDERR\n    echo \"error: The sandbox is not in sync with the Podfile.lock. Run 'pod install' or update your CocoaPods installation.\" >&2\n    exit 1\nfi\n# This output is used by Xcode 'outputs' to avoid re-running this script phase.\necho \"SUCCESS\" > \"${SCRIPT_OUTPUT_FILE_0}\"\n";
			showEnvVarsInLog = 0;
		};
		4554908ADB98A7D6964414B7 /* [CP] Embed Pods Frameworks */ = {
			isa = PBXShellScriptBuildPhase;
			buildActionMask = 2147483647;
			files = (
			);
			inputFileListPaths = (
			);
			inputPaths = (
				"${SRCROOT}/Pods/Target Support Files/Pods-MovieApp/Pods-MovieApp-frameworks.sh",
				"${BUILT_PRODUCTS_DIR}/Alamofire/Alamofire.framework",
			);
			name = "[CP] Embed Pods Frameworks";
			outputFileListPaths = (
			);
			outputPaths = (
				"${TARGET_BUILD_DIR}/${FRAMEWORKS_FOLDER_PATH}/Alamofire.framework",
			);
			runOnlyForDeploymentPostprocessing = 0;
			shellPath = /bin/sh;
			shellScript = "\"${SRCROOT}/Pods/Target Support Files/Pods-MovieApp/Pods-MovieApp-frameworks.sh\"\n";
			showEnvVarsInLog = 0;
		};
		A7B8881EEDFDC86808F32D64 /* [CP] Check Pods Manifest.lock */ = {
			isa = PBXShellScriptBuildPhase;
			buildActionMask = 2147483647;
			files = (
			);
			inputFileListPaths = (
			);
			inputPaths = (
				"${PODS_PODFILE_DIR_PATH}/Podfile.lock",
				"${PODS_ROOT}/Manifest.lock",
			);
			name = "[CP] Check Pods Manifest.lock";
			outputFileListPaths = (
			);
			outputPaths = (
				"$(DERIVED_FILE_DIR)/Pods-MovieAppTests-checkManifestLockResult.txt",
			);
			runOnlyForDeploymentPostprocessing = 0;
			shellPath = /bin/sh;
			shellScript = "diff \"${PODS_PODFILE_DIR_PATH}/Podfile.lock\" \"${PODS_ROOT}/Manifest.lock\" > /dev/null\nif [ $? != 0 ] ; then\n    # print error to STDERR\n    echo \"error: The sandbox is not in sync with the Podfile.lock. Run 'pod install' or update your CocoaPods installation.\" >&2\n    exit 1\nfi\n# This output is used by Xcode 'outputs' to avoid re-running this script phase.\necho \"SUCCESS\" > \"${SCRIPT_OUTPUT_FILE_0}\"\n";
			showEnvVarsInLog = 0;
		};
		D3C96C173C64D5C1D6157E15 /* [CP] Check Pods Manifest.lock */ = {
			isa = PBXShellScriptBuildPhase;
			buildActionMask = 2147483647;
			files = (
			);
			inputFileListPaths = (
			);
			inputPaths = (
				"${PODS_PODFILE_DIR_PATH}/Podfile.lock",
				"${PODS_ROOT}/Manifest.lock",
			);
			name = "[CP] Check Pods Manifest.lock";
			outputFileListPaths = (
			);
			outputPaths = (
				"$(DERIVED_FILE_DIR)/Pods-MovieAppUITests-checkManifestLockResult.txt",
			);
			runOnlyForDeploymentPostprocessing = 0;
			shellPath = /bin/sh;
			shellScript = "diff \"${PODS_PODFILE_DIR_PATH}/Podfile.lock\" \"${PODS_ROOT}/Manifest.lock\" > /dev/null\nif [ $? != 0 ] ; then\n    # print error to STDERR\n    echo \"error: The sandbox is not in sync with the Podfile.lock. Run 'pod install' or update your CocoaPods installation.\" >&2\n    exit 1\nfi\n# This output is used by Xcode 'outputs' to avoid re-running this script phase.\necho \"SUCCESS\" > \"${SCRIPT_OUTPUT_FILE_0}\"\n";
			showEnvVarsInLog = 0;
		};
/* End PBXShellScriptBuildPhase section */

/* Begin PBXSourcesBuildPhase section */
		F22813ED2289902200FCB9BC /* Sources */ = {
			isa = PBXSourcesBuildPhase;
			buildActionMask = 2147483647;
			files = (
				F252B5C9228ADFB000FB9815 /* TextField.swift in Sources */,
				F252B5EC228B006400FB9815 /* BaseVC.swift in Sources */,
				F252B5CC228ADFB000FB9815 /* PTColors.swift in Sources */,
				F22813F72289902200FCB9BC /* ViewController.swift in Sources */,
				F252B5EA228AF7B400FB9815 /* TextFieldExtention.swift in Sources */,
				F22813F52289902200FCB9BC /* AppDelegate.swift in Sources */,
			);
			runOnlyForDeploymentPostprocessing = 0;
		};
		F22814012289902300FCB9BC /* Sources */ = {
			isa = PBXSourcesBuildPhase;
			buildActionMask = 2147483647;
			files = (
				F228140A2289902300FCB9BC /* MovieAppTests.swift in Sources */,
			);
			runOnlyForDeploymentPostprocessing = 0;
		};
		F228140C2289902300FCB9BC /* Sources */ = {
			isa = PBXSourcesBuildPhase;
			buildActionMask = 2147483647;
			files = (
				F22814152289902300FCB9BC /* MovieAppUITests.swift in Sources */,
			);
			runOnlyForDeploymentPostprocessing = 0;
		};
/* End PBXSourcesBuildPhase section */

/* Begin PBXTargetDependency section */
		F22814072289902300FCB9BC /* PBXTargetDependency */ = {
			isa = PBXTargetDependency;
			target = F22813F02289902200FCB9BC /* MovieApp */;
			targetProxy = F22814062289902300FCB9BC /* PBXContainerItemProxy */;
		};
		F22814122289902300FCB9BC /* PBXTargetDependency */ = {
			isa = PBXTargetDependency;
			target = F22813F02289902200FCB9BC /* MovieApp */;
			targetProxy = F22814112289902300FCB9BC /* PBXContainerItemProxy */;
		};
/* End PBXTargetDependency section */

/* Begin PBXVariantGroup section */
		F22813F82289902200FCB9BC /* Main.storyboard */ = {
			isa = PBXVariantGroup;
			children = (
				F22813F92289902200FCB9BC /* Base */,
			);
			name = Main.storyboard;
			sourceTree = "<group>";
		};
		F22813FD2289902300FCB9BC /* LaunchScreen.storyboard */ = {
			isa = PBXVariantGroup;
			children = (
				F22813FE2289902300FCB9BC /* Base */,
			);
			name = LaunchScreen.storyboard;
			sourceTree = "<group>";
		};
/* End PBXVariantGroup section */

/* Begin XCBuildConfiguration section */
		F22814172289902300FCB9BC /* Debug */ = {
			isa = XCBuildConfiguration;
			buildSettings = {
				ALWAYS_SEARCH_USER_PATHS = NO;
				CLANG_ANALYZER_NONNULL = YES;
				CLANG_ANALYZER_NUMBER_OBJECT_CONVERSION = YES_AGGRESSIVE;
				CLANG_CXX_LANGUAGE_STANDARD = "gnu++14";
				CLANG_CXX_LIBRARY = "libc++";
				CLANG_ENABLE_MODULES = YES;
				CLANG_ENABLE_OBJC_ARC = YES;
				CLANG_ENABLE_OBJC_WEAK = YES;
				CLANG_WARN_BLOCK_CAPTURE_AUTORELEASING = YES;
				CLANG_WARN_BOOL_CONVERSION = YES;
				CLANG_WARN_COMMA = YES;
				CLANG_WARN_CONSTANT_CONVERSION = YES;
				CLANG_WARN_DEPRECATED_OBJC_IMPLEMENTATIONS = YES;
				CLANG_WARN_DIRECT_OBJC_ISA_USAGE = YES_ERROR;
				CLANG_WARN_DOCUMENTATION_COMMENTS = YES;
				CLANG_WARN_EMPTY_BODY = YES;
				CLANG_WARN_ENUM_CONVERSION = YES;
				CLANG_WARN_INFINITE_RECURSION = YES;
				CLANG_WARN_INT_CONVERSION = YES;
				CLANG_WARN_NON_LITERAL_NULL_CONVERSION = YES;
				CLANG_WARN_OBJC_IMPLICIT_RETAIN_SELF = YES;
				CLANG_WARN_OBJC_LITERAL_CONVERSION = YES;
				CLANG_WARN_OBJC_ROOT_CLASS = YES_ERROR;
				CLANG_WARN_RANGE_LOOP_ANALYSIS = YES;
				CLANG_WARN_STRICT_PROTOTYPES = YES;
				CLANG_WARN_SUSPICIOUS_MOVE = YES;
				CLANG_WARN_UNGUARDED_AVAILABILITY = YES_AGGRESSIVE;
				CLANG_WARN_UNREACHABLE_CODE = YES;
				CLANG_WARN__DUPLICATE_METHOD_MATCH = YES;
				CODE_SIGN_IDENTITY = "iPhone Developer";
				COPY_PHASE_STRIP = NO;
				DEBUG_INFORMATION_FORMAT = dwarf;
				ENABLE_STRICT_OBJC_MSGSEND = YES;
				ENABLE_TESTABILITY = YES;
				GCC_C_LANGUAGE_STANDARD = gnu11;
				GCC_DYNAMIC_NO_PIC = NO;
				GCC_NO_COMMON_BLOCKS = YES;
				GCC_OPTIMIZATION_LEVEL = 0;
				GCC_PREPROCESSOR_DEFINITIONS = (
					"DEBUG=1",
					"$(inherited)",
				);
				GCC_WARN_64_TO_32_BIT_CONVERSION = YES;
				GCC_WARN_ABOUT_RETURN_TYPE = YES_ERROR;
				GCC_WARN_UNDECLARED_SELECTOR = YES;
				GCC_WARN_UNINITIALIZED_AUTOS = YES_AGGRESSIVE;
				GCC_WARN_UNUSED_FUNCTION = YES;
				GCC_WARN_UNUSED_VARIABLE = YES;
				IPHONEOS_DEPLOYMENT_TARGET = 12.1;
				MTL_ENABLE_DEBUG_INFO = INCLUDE_SOURCE;
				MTL_FAST_MATH = YES;
				ONLY_ACTIVE_ARCH = YES;
				SDKROOT = iphoneos;
				SWIFT_ACTIVE_COMPILATION_CONDITIONS = DEBUG;
				SWIFT_OPTIMIZATION_LEVEL = "-Onone";
			};
			name = Debug;
		};
		F22814182289902300FCB9BC /* Release */ = {
			isa = XCBuildConfiguration;
			buildSettings = {
				ALWAYS_SEARCH_USER_PATHS = NO;
				CLANG_ANALYZER_NONNULL = YES;
				CLANG_ANALYZER_NUMBER_OBJECT_CONVERSION = YES_AGGRESSIVE;
				CLANG_CXX_LANGUAGE_STANDARD = "gnu++14";
				CLANG_CXX_LIBRARY = "libc++";
				CLANG_ENABLE_MODULES = YES;
				CLANG_ENABLE_OBJC_ARC = YES;
				CLANG_ENABLE_OBJC_WEAK = YES;
				CLANG_WARN_BLOCK_CAPTURE_AUTORELEASING = YES;
				CLANG_WARN_BOOL_CONVERSION = YES;
				CLANG_WARN_COMMA = YES;
				CLANG_WARN_CONSTANT_CONVERSION = YES;
				CLANG_WARN_DEPRECATED_OBJC_IMPLEMENTATIONS = YES;
				CLANG_WARN_DIRECT_OBJC_ISA_USAGE = YES_ERROR;
				CLANG_WARN_DOCUMENTATION_COMMENTS = YES;
				CLANG_WARN_EMPTY_BODY = YES;
				CLANG_WARN_ENUM_CONVERSION = YES;
				CLANG_WARN_INFINITE_RECURSION = YES;
				CLANG_WARN_INT_CONVERSION = YES;
				CLANG_WARN_NON_LITERAL_NULL_CONVERSION = YES;
				CLANG_WARN_OBJC_IMPLICIT_RETAIN_SELF = YES;
				CLANG_WARN_OBJC_LITERAL_CONVERSION = YES;
				CLANG_WARN_OBJC_ROOT_CLASS = YES_ERROR;
				CLANG_WARN_RANGE_LOOP_ANALYSIS = YES;
				CLANG_WARN_STRICT_PROTOTYPES = YES;
				CLANG_WARN_SUSPICIOUS_MOVE = YES;
				CLANG_WARN_UNGUARDED_AVAILABILITY = YES_AGGRESSIVE;
				CLANG_WARN_UNREACHABLE_CODE = YES;
				CLANG_WARN__DUPLICATE_METHOD_MATCH = YES;
				CODE_SIGN_IDENTITY = "iPhone Developer";
				COPY_PHASE_STRIP = NO;
				DEBUG_INFORMATION_FORMAT = "dwarf-with-dsym";
				ENABLE_NS_ASSERTIONS = NO;
				ENABLE_STRICT_OBJC_MSGSEND = YES;
				GCC_C_LANGUAGE_STANDARD = gnu11;
				GCC_NO_COMMON_BLOCKS = YES;
				GCC_WARN_64_TO_32_BIT_CONVERSION = YES;
				GCC_WARN_ABOUT_RETURN_TYPE = YES_ERROR;
				GCC_WARN_UNDECLARED_SELECTOR = YES;
				GCC_WARN_UNINITIALIZED_AUTOS = YES_AGGRESSIVE;
				GCC_WARN_UNUSED_FUNCTION = YES;
				GCC_WARN_UNUSED_VARIABLE = YES;
				IPHONEOS_DEPLOYMENT_TARGET = 12.1;
				MTL_ENABLE_DEBUG_INFO = NO;
				MTL_FAST_MATH = YES;
				SDKROOT = iphoneos;
				SWIFT_COMPILATION_MODE = wholemodule;
				SWIFT_OPTIMIZATION_LEVEL = "-O";
				VALIDATE_PRODUCT = YES;
			};
			name = Release;
		};
		F228141A2289902300FCB9BC /* Debug */ = {
			isa = XCBuildConfiguration;
			baseConfigurationReference = C5FA54E06819A203895284E0 /* Pods-MovieApp.debug.xcconfig */;
			buildSettings = {
				ASSETCATALOG_COMPILER_APPICON_NAME = AppIcon;
				CODE_SIGN_STYLE = Automatic;
				DEVELOPMENT_TEAM = BAZMQR97RW;
				INFOPLIST_FILE = MovieApp/Info.plist;
				LD_RUNPATH_SEARCH_PATHS = (
					"$(inherited)",
					"@executable_path/Frameworks",
				);
				PRODUCT_BUNDLE_IDENTIFIER = seamlabs.MovieApp;
				PRODUCT_NAME = "$(TARGET_NAME)";
				SWIFT_VERSION = 4.2;
				TARGETED_DEVICE_FAMILY = "1,2";
			};
			name = Debug;
		};
		F228141B2289902300FCB9BC /* Release */ = {
			isa = XCBuildConfiguration;
			baseConfigurationReference = 3B5CEA8F33ED32F4BD0E9CC4 /* Pods-MovieApp.release.xcconfig */;
			buildSettings = {
				ASSETCATALOG_COMPILER_APPICON_NAME = AppIcon;
				CODE_SIGN_STYLE = Automatic;
				DEVELOPMENT_TEAM = BAZMQR97RW;
				INFOPLIST_FILE = MovieApp/Info.plist;
				LD_RUNPATH_SEARCH_PATHS = (
					"$(inherited)",
					"@executable_path/Frameworks",
				);
				PRODUCT_BUNDLE_IDENTIFIER = seamlabs.MovieApp;
				PRODUCT_NAME = "$(TARGET_NAME)";
				SWIFT_VERSION = 4.2;
				TARGETED_DEVICE_FAMILY = "1,2";
			};
			name = Release;
		};
		F228141D2289902300FCB9BC /* Debug */ = {
			isa = XCBuildConfiguration;
			baseConfigurationReference = 8F53AB4FA5B1CEA39C8BF9E4 /* Pods-MovieAppTests.debug.xcconfig */;
			buildSettings = {
				ALWAYS_EMBED_SWIFT_STANDARD_LIBRARIES = YES;
				BUNDLE_LOADER = "$(TEST_HOST)";
				CODE_SIGN_STYLE = Automatic;
				DEVELOPMENT_TEAM = BAZMQR97RW;
				INFOPLIST_FILE = MovieAppTests/Info.plist;
				LD_RUNPATH_SEARCH_PATHS = (
					"$(inherited)",
					"@executable_path/Frameworks",
					"@loader_path/Frameworks",
				);
				PRODUCT_BUNDLE_IDENTIFIER = seamlabs.MovieAppTests;
				PRODUCT_NAME = "$(TARGET_NAME)";
				SWIFT_VERSION = 4.2;
				TARGETED_DEVICE_FAMILY = "1,2";
				TEST_HOST = "$(BUILT_PRODUCTS_DIR)/MovieApp.app/MovieApp";
			};
			name = Debug;
		};
		F228141E2289902300FCB9BC /* Release */ = {
			isa = XCBuildConfiguration;
			baseConfigurationReference = 41A6F510F12B9D58E451E24E /* Pods-MovieAppTests.release.xcconfig */;
			buildSettings = {
				ALWAYS_EMBED_SWIFT_STANDARD_LIBRARIES = YES;
				BUNDLE_LOADER = "$(TEST_HOST)";
				CODE_SIGN_STYLE = Automatic;
				DEVELOPMENT_TEAM = BAZMQR97RW;
				INFOPLIST_FILE = MovieAppTests/Info.plist;
				LD_RUNPATH_SEARCH_PATHS = (
					"$(inherited)",
					"@executable_path/Frameworks",
					"@loader_path/Frameworks",
				);
				PRODUCT_BUNDLE_IDENTIFIER = seamlabs.MovieAppTests;
				PRODUCT_NAME = "$(TARGET_NAME)";
				SWIFT_VERSION = 4.2;
				TARGETED_DEVICE_FAMILY = "1,2";
				TEST_HOST = "$(BUILT_PRODUCTS_DIR)/MovieApp.app/MovieApp";
			};
			name = Release;
		};
		F22814202289902300FCB9BC /* Debug */ = {
			isa = XCBuildConfiguration;
			baseConfigurationReference = 025E72E46EEDE044D7C0C68B /* Pods-MovieAppUITests.debug.xcconfig */;
			buildSettings = {
				ALWAYS_EMBED_SWIFT_STANDARD_LIBRARIES = YES;
				CODE_SIGN_STYLE = Automatic;
				DEVELOPMENT_TEAM = BAZMQR97RW;
				INFOPLIST_FILE = MovieAppUITests/Info.plist;
				LD_RUNPATH_SEARCH_PATHS = (
					"$(inherited)",
					"@executable_path/Frameworks",
					"@loader_path/Frameworks",
				);
				PRODUCT_BUNDLE_IDENTIFIER = seamlabs.MovieAppUITests;
				PRODUCT_NAME = "$(TARGET_NAME)";
				SWIFT_VERSION = 4.2;
				TARGETED_DEVICE_FAMILY = "1,2";
				TEST_TARGET_NAME = MovieApp;
			};
			name = Debug;
		};
		F22814212289902300FCB9BC /* Release */ = {
			isa = XCBuildConfiguration;
			baseConfigurationReference = A456949DE0E1FC25A0B85739 /* Pods-MovieAppUITests.release.xcconfig */;
			buildSettings = {
				ALWAYS_EMBED_SWIFT_STANDARD_LIBRARIES = YES;
				CODE_SIGN_STYLE = Automatic;
				DEVELOPMENT_TEAM = BAZMQR97RW;
				INFOPLIST_FILE = MovieAppUITests/Info.plist;
				LD_RUNPATH_SEARCH_PATHS = (
					"$(inherited)",
					"@executable_path/Frameworks",
					"@loader_path/Frameworks",
				);
				PRODUCT_BUNDLE_IDENTIFIER = seamlabs.MovieAppUITests;
				PRODUCT_NAME = "$(TARGET_NAME)";
				SWIFT_VERSION = 4.2;
				TARGETED_DEVICE_FAMILY = "1,2";
				TEST_TARGET_NAME = MovieApp;
			};
			name = Release;
		};
/* End XCBuildConfiguration section */

/* Begin XCConfigurationList section */
		F22813EC2289902200FCB9BC /* Build configuration list for PBXProject "MovieApp" */ = {
			isa = XCConfigurationList;
			buildConfigurations = (
				F22814172289902300FCB9BC /* Debug */,
				F22814182289902300FCB9BC /* Release */,
			);
			defaultConfigurationIsVisible = 0;
			defaultConfigurationName = Release;
		};
		F22814192289902300FCB9BC /* Build configuration list for PBXNativeTarget "MovieApp" */ = {
			isa = XCConfigurationList;
			buildConfigurations = (
				F228141A2289902300FCB9BC /* Debug */,
				F228141B2289902300FCB9BC /* Release */,
			);
			defaultConfigurationIsVisible = 0;
			defaultConfigurationName = Release;
		};
		F228141C2289902300FCB9BC /* Build configuration list for PBXNativeTarget "MovieAppTests" */ = {
			isa = XCConfigurationList;
			buildConfigurations = (
				F228141D2289902300FCB9BC /* Debug */,
				F228141E2289902300FCB9BC /* Release */,
			);
			defaultConfigurationIsVisible = 0;
			defaultConfigurationName = Release;
		};
		F228141F2289902300FCB9BC /* Build configuration list for PBXNativeTarget "MovieAppUITests" */ = {
			isa = XCConfigurationList;
			buildConfigurations = (
				F22814202289902300FCB9BC /* Debug */,
				F22814212289902300FCB9BC /* Release */,
			);
			defaultConfigurationIsVisible = 0;
			defaultConfigurationName = Release;
		};
/* End XCConfigurationList section */
	};
	rootObject = F22813E92289902200FCB9BC /* Project object */;
}
